// !$*UTF8*$!
{
	archiveVersion = 1;
	classes = {
	};
	objectVersion = 50;
	objects = {

/* Begin PBXBuildFile section */
		0EA1FDA223CE09E300A45A04 /* AppDelegate.swift in Sources */ = {isa = PBXBuildFile; fileRef = 0EA1FDA123CE09E300A45A04 /* AppDelegate.swift */; };
		0EA1FDA423CE09E300A45A04 /* SceneDelegate.swift in Sources */ = {isa = PBXBuildFile; fileRef = 0EA1FDA323CE09E300A45A04 /* SceneDelegate.swift */; };
		0EA1FDA623CE09E300A45A04 /* ContentView.swift in Sources */ = {isa = PBXBuildFile; fileRef = 0EA1FDA523CE09E300A45A04 /* ContentView.swift */; };
		0EA1FDA823CE09E500A45A04 /* Assets.xcassets in Resources */ = {isa = PBXBuildFile; fileRef = 0EA1FDA723CE09E500A45A04 /* Assets.xcassets */; };
		0EA1FDAB23CE09E500A45A04 /* Preview Assets.xcassets in Resources */ = {isa = PBXBuildFile; fileRef = 0EA1FDAA23CE09E500A45A04 /* Preview Assets.xcassets */; };
		0EA1FDAE23CE09E500A45A04 /* LaunchScreen.storyboard in Resources */ = {isa = PBXBuildFile; fileRef = 0EA1FDAC23CE09E500A45A04 /* LaunchScreen.storyboard */; };
		0EA1FDB923CE09E500A45A04 /* AramarkTests.swift in Sources */ = {isa = PBXBuildFile; fileRef = 0EA1FDB823CE09E500A45A04 /* AramarkTests.swift */; };
		0EA1FDC423CE09E500A45A04 /* AramarkUITests.swift in Sources */ = {isa = PBXBuildFile; fileRef = 0EA1FDC323CE09E500A45A04 /* AramarkUITests.swift */; };
/* End PBXBuildFile section */

/* Begin PBXContainerItemProxy section */
		0EA1FDB523CE09E500A45A04 /* PBXContainerItemProxy */ = {
			isa = PBXContainerItemProxy;
			containerPortal = 0EA1FD9623CE09E300A45A04 /* Project object */;
			proxyType = 1;
			remoteGlobalIDString = 0EA1FD9D23CE09E300A45A04;
			remoteInfo = Aramark;
		};
		0EA1FDC023CE09E500A45A04 /* PBXContainerItemProxy */ = {
			isa = PBXContainerItemProxy;
			containerPortal = 0EA1FD9623CE09E300A45A04 /* Project object */;
			proxyType = 1;
			remoteGlobalIDString = 0EA1FD9D23CE09E300A45A04;
			remoteInfo = Aramark;
		};
/* End PBXContainerItemProxy section */

/* Begin PBXFileReference section */
		0EA1FD9E23CE09E300A45A04 /* Aramark.app */ = {isa = PBXFileReference; explicitFileType = wrapper.application; includeInIndex = 0; path = Aramark.app; sourceTree = BUILT_PRODUCTS_DIR; };
		0EA1FDA123CE09E300A45A04 /* AppDelegate.swift */ = {isa = PBXFileReference; lastKnownFileType = sourcecode.swift; path = AppDelegate.swift; sourceTree = "<group>"; };
		0EA1FDA323CE09E300A45A04 /* SceneDelegate.swift */ = {isa = PBXFileReference; lastKnownFileType = sourcecode.swift; path = SceneDelegate.swift; sourceTree = "<group>"; };
		0EA1FDA523CE09E300A45A04 /* ContentView.swift */ = {isa = PBXFileReference; lastKnownFileType = sourcecode.swift; path = ContentView.swift; sourceTree = "<group>"; };
		0EA1FDA723CE09E500A45A04 /* Assets.xcassets */ = {isa = PBXFileReference; lastKnownFileType = folder.assetcatalog; path = Assets.xcassets; sourceTree = "<group>"; };
		0EA1FDAA23CE09E500A45A04 /* Preview Assets.xcassets */ = {isa = PBXFileReference; lastKnownFileType = folder.assetcatalog; path = "Preview Assets.xcassets"; sourceTree = "<group>"; };
		0EA1FDAD23CE09E500A45A04 /* Base */ = {isa = PBXFileReference; lastKnownFileType = file.storyboard; name = Base; path = Base.lproj/LaunchScreen.storyboard; sourceTree = "<group>"; };
		0EA1FDAF23CE09E500A45A04 /* Info.plist */ = {isa = PBXFileReference; lastKnownFileType = text.plist.xml; path = Info.plist; sourceTree = "<group>"; };
		0EA1FDB423CE09E500A45A04 /* AramarkTests.xctest */ = {isa = PBXFileReference; explicitFileType = wrapper.cfbundle; includeInIndex = 0; path = AramarkTests.xctest; sourceTree = BUILT_PRODUCTS_DIR; };
		0EA1FDB823CE09E500A45A04 /* AramarkTests.swift */ = {isa = PBXFileReference; lastKnownFileType = sourcecode.swift; path = AramarkTests.swift; sourceTree = "<group>"; };
		0EA1FDBA23CE09E500A45A04 /* Info.plist */ = {isa = PBXFileReference; lastKnownFileType = text.plist.xml; path = Info.plist; sourceTree = "<group>"; };
		0EA1FDBF23CE09E500A45A04 /* AramarkUITests.xctest */ = {isa = PBXFileReference; explicitFileType = wrapper.cfbundle; includeInIndex = 0; path = AramarkUITests.xctest; sourceTree = BUILT_PRODUCTS_DIR; };
		0EA1FDC323CE09E500A45A04 /* AramarkUITests.swift */ = {isa = PBXFileReference; lastKnownFileType = sourcecode.swift; path = AramarkUITests.swift; sourceTree = "<group>"; };
		0EA1FDC523CE09E500A45A04 /* Info.plist */ = {isa = PBXFileReference; lastKnownFileType = text.plist.xml; path = Info.plist; sourceTree = "<group>"; };
/* End PBXFileReference section */

/* Begin PBXFrameworksBuildPhase section */
		0EA1FD9B23CE09E300A45A04 /* Frameworks */ = {
			isa = PBXFrameworksBuildPhase;
			buildActionMask = 2147483647;
			files = (
			);
			runOnlyForDeploymentPostprocessing = 0;
		};
		0EA1FDB123CE09E500A45A04 /* Frameworks */ = {
			isa = PBXFrameworksBuildPhase;
			buildActionMask = 2147483647;
			files = (
			);
			runOnlyForDeploymentPostprocessing = 0;
		};
		0EA1FDBC23CE09E500A45A04 /* Frameworks */ = {
			isa = PBXFrameworksBuildPhase;
			buildActionMask = 2147483647;
			files = (
			);
			runOnlyForDeploymentPostprocessing = 0;
		};
/* End PBXFrameworksBuildPhase section */

/* Begin PBXGroup section */
		0EA1FD9523CE09E300A45A04 = {
			isa = PBXGroup;
			children = (
				0EA1FDA023CE09E300A45A04 /* Aramark */,
				0EA1FDB723CE09E500A45A04 /* AramarkTests */,
				0EA1FDC223CE09E500A45A04 /* AramarkUITests */,
				0EA1FD9F23CE09E300A45A04 /* Products */,
			);
			sourceTree = "<group>";
		};
		0EA1FD9F23CE09E300A45A04 /* Products */ = {
			isa = PBXGroup;
			children = (
				0EA1FD9E23CE09E300A45A04 /* Aramark.app */,
				0EA1FDB423CE09E500A45A04 /* AramarkTests.xctest */,
				0EA1FDBF23CE09E500A45A04 /* AramarkUITests.xctest */,
			);
			name = Products;
			sourceTree = "<group>";
		};
		0EA1FDA023CE09E300A45A04 /* Aramark */ = {
			isa = PBXGroup;
			children = (
				0EA1FDA123CE09E300A45A04 /* AppDelegate.swift */,
				0EA1FDA323CE09E300A45A04 /* SceneDelegate.swift */,
				0EA1FDA523CE09E300A45A04 /* ContentView.swift */,
				0EA1FDA723CE09E500A45A04 /* Assets.xcassets */,
				0EA1FDAC23CE09E500A45A04 /* LaunchScreen.storyboard */,
				0EA1FDAF23CE09E500A45A04 /* Info.plist */,
				0EA1FDA923CE09E500A45A04 /* Preview Content */,
			);
			path = Aramark;
			sourceTree = "<group>";
		};
		0EA1FDA923CE09E500A45A04 /* Preview Content */ = {
			isa = PBXGroup;
			children = (
				0EA1FDAA23CE09E500A45A04 /* Preview Assets.xcassets */,
			);
			path = "Preview Content";
			sourceTree = "<group>";
		};
		0EA1FDB723CE09E500A45A04 /* AramarkTests */ = {
			isa = PBXGroup;
			children = (
				0EA1FDB823CE09E500A45A04 /* AramarkTests.swift */,
				0EA1FDBA23CE09E500A45A04 /* Info.plist */,
			);
			path = AramarkTests;
			sourceTree = "<group>";
		};
		0EA1FDC223CE09E500A45A04 /* AramarkUITests */ = {
			isa = PBXGroup;
			children = (
				0EA1FDC323CE09E500A45A04 /* AramarkUITests.swift */,
				0EA1FDC523CE09E500A45A04 /* Info.plist */,
			);
			path = AramarkUITests;
			sourceTree = "<group>";
		};
/* End PBXGroup section */

/* Begin PBXNativeTarget section */
		0EA1FD9D23CE09E300A45A04 /* Aramark */ = {
			isa = PBXNativeTarget;
			buildConfigurationList = 0EA1FDC823CE09E500A45A04 /* Build configuration list for PBXNativeTarget "Aramark" */;
			buildPhases = (
				0EA1FD9A23CE09E300A45A04 /* Sources */,
				0EA1FD9B23CE09E300A45A04 /* Frameworks */,
				0EA1FD9C23CE09E300A45A04 /* Resources */,
			);
			buildRules = (
			);
			dependencies = (
			);
			name = Aramark;
			productName = Aramark;
			productReference = 0EA1FD9E23CE09E300A45A04 /* Aramark.app */;
			productType = "com.apple.product-type.application";
		};
		0EA1FDB323CE09E500A45A04 /* AramarkTests */ = {
			isa = PBXNativeTarget;
			buildConfigurationList = 0EA1FDCB23CE09E500A45A04 /* Build configuration list for PBXNativeTarget "AramarkTests" */;
			buildPhases = (
				0EA1FDB023CE09E500A45A04 /* Sources */,
				0EA1FDB123CE09E500A45A04 /* Frameworks */,
				0EA1FDB223CE09E500A45A04 /* Resources */,
			);
			buildRules = (
			);
			dependencies = (
				0EA1FDB623CE09E500A45A04 /* PBXTargetDependency */,
			);
			name = AramarkTests;
			productName = AramarkTests;
			productReference = 0EA1FDB423CE09E500A45A04 /* AramarkTests.xctest */;
			productType = "com.apple.product-type.bundle.unit-test";
		};
		0EA1FDBE23CE09E500A45A04 /* AramarkUITests */ = {
			isa = PBXNativeTarget;
			buildConfigurationList = 0EA1FDCE23CE09E500A45A04 /* Build configuration list for PBXNativeTarget "AramarkUITests" */;
			buildPhases = (
				0EA1FDBB23CE09E500A45A04 /* Sources */,
				0EA1FDBC23CE09E500A45A04 /* Frameworks */,
				0EA1FDBD23CE09E500A45A04 /* Resources */,
			);
			buildRules = (
			);
			dependencies = (
				0EA1FDC123CE09E500A45A04 /* PBXTargetDependency */,
			);
			name = AramarkUITests;
			productName = AramarkUITests;
			productReference = 0EA1FDBF23CE09E500A45A04 /* AramarkUITests.xctest */;
			productType = "com.apple.product-type.bundle.ui-testing";
		};
/* End PBXNativeTarget section */

/* Begin PBXProject section */
		0EA1FD9623CE09E300A45A04 /* Project object */ = {
			isa = PBXProject;
			attributes = {
				LastSwiftUpdateCheck = 1130;
				LastUpgradeCheck = 1130;
				ORGANIZATIONNAME = "PREET PATEL";
				TargetAttributes = {
					0EA1FD9D23CE09E300A45A04 = {
						CreatedOnToolsVersion = 11.3.1;
					};
					0EA1FDB323CE09E500A45A04 = {
						CreatedOnToolsVersion = 11.3.1;
						TestTargetID = 0EA1FD9D23CE09E300A45A04;
					};
					0EA1FDBE23CE09E500A45A04 = {
						CreatedOnToolsVersion = 11.3.1;
						TestTargetID = 0EA1FD9D23CE09E300A45A04;
					};
				};
			};
			buildConfigurationList = 0EA1FD9923CE09E300A45A04 /* Build configuration list for PBXProject "Aramark" */;
			compatibilityVersion = "Xcode 9.3";
			developmentRegion = en;
			hasScannedForEncodings = 0;
			knownRegions = (
				en,
				Base,
			);
			mainGroup = 0EA1FD9523CE09E300A45A04;
			productRefGroup = 0EA1FD9F23CE09E300A45A04 /* Products */;
			projectDirPath = "";
			projectRoot = "";
			targets = (
				0EA1FD9D23CE09E300A45A04 /* Aramark */,
				0EA1FDB323CE09E500A45A04 /* AramarkTests */,
				0EA1FDBE23CE09E500A45A04 /* AramarkUITests */,
			);
		};
/* End PBXProject section */

/* Begin PBXResourcesBuildPhase section */
		0EA1FD9C23CE09E300A45A04 /* Resources */ = {
			isa = PBXResourcesBuildPhase;
			buildActionMask = 2147483647;
			files = (
				0EA1FDAE23CE09E500A45A04 /* LaunchScreen.storyboard in Resources */,
				0EA1FDAB23CE09E500A45A04 /* Preview Assets.xcassets in Resources */,
				0EA1FDA823CE09E500A45A04 /* Assets.xcassets in Resources */,
			);
			runOnlyForDeploymentPostprocessing = 0;
		};
		0EA1FDB223CE09E500A45A04 /* Resources */ = {
			isa = PBXResourcesBuildPhase;
			buildActionMask = 2147483647;
			files = (
			);
			runOnlyForDeploymentPostprocessing = 0;
		};
		0EA1FDBD23CE09E500A45A04 /* Resources */ = {
			isa = PBXResourcesBuildPhase;
			buildActionMask = 2147483647;
			files = (
			);
			runOnlyForDeploymentPostprocessing = 0;
		};
/* End PBXResourcesBuildPhase section */

/* Begin PBXSourcesBuildPhase section */
		0EA1FD9A23CE09E300A45A04 /* Sources */ = {
			isa = PBXSourcesBuildPhase;
			buildActionMask = 2147483647;
			files = (
				0EA1FDA223CE09E300A45A04 /* AppDelegate.swift in Sources */,
				0EA1FDA423CE09E300A45A04 /* SceneDelegate.swift in Sources */,
				0EA1FDA623CE09E300A45A04 /* ContentView.swift in Sources */,
			);
			runOnlyForDeploymentPostprocessing = 0;
		};
		0EA1FDB023CE09E500A45A04 /* Sources */ = {
			isa = PBXSourcesBuildPhase;
			buildActionMask = 2147483647;
			files = (
				0EA1FDB923CE09E500A45A04 /* AramarkTests.swift in Sources */,
			);
			runOnlyForDeploymentPostprocessing = 0;
		};
		0EA1FDBB23CE09E500A45A04 /* Sources */ = {
			isa = PBXSourcesBuildPhase;
			buildActionMask = 2147483647;
			files = (
				0EA1FDC423CE09E500A45A04 /* AramarkUITests.swift in Sources */,
			);
			runOnlyForDeploymentPostprocessing = 0;
		};
/* End PBXSourcesBuildPhase section */

/* Begin PBXTargetDependency section */
		0EA1FDB623CE09E500A45A04 /* PBXTargetDependency */ = {
			isa = PBXTargetDependency;
			target = 0EA1FD9D23CE09E300A45A04 /* Aramark */;
			targetProxy = 0EA1FDB523CE09E500A45A04 /* PBXContainerItemProxy */;
		};
		0EA1FDC123CE09E500A45A04 /* PBXTargetDependency */ = {
			isa = PBXTargetDependency;
			target = 0EA1FD9D23CE09E300A45A04 /* Aramark */;
			targetProxy = 0EA1FDC023CE09E500A45A04 /* PBXContainerItemProxy */;
		};
/* End PBXTargetDependency section */

/* Begin PBXVariantGroup section */
		0EA1FDAC23CE09E500A45A04 /* LaunchScreen.storyboard */ = {
			isa = PBXVariantGroup;
			children = (
				0EA1FDAD23CE09E500A45A04 /* Base */,
			);
			name = LaunchScreen.storyboard;
			sourceTree = "<group>";
		};
/* End PBXVariantGroup section */

/* Begin XCBuildConfiguration section */
		0EA1FDC623CE09E500A45A04 /* Debug */ = {
			isa = XCBuildConfiguration;
			buildSettings = {
				ALWAYS_SEARCH_USER_PATHS = NO;
				CLANG_ANALYZER_NONNULL = YES;
				CLANG_ANALYZER_NUMBER_OBJECT_CONVERSION = YES_AGGRESSIVE;
				CLANG_CXX_LANGUAGE_STANDARD = "gnu++14";
				CLANG_CXX_LIBRARY = "libc++";
				CLANG_ENABLE_MODULES = YES;
				CLANG_ENABLE_OBJC_ARC = YES;
				CLANG_ENABLE_OBJC_WEAK = YES;
				CLANG_WARN_BLOCK_CAPTURE_AUTORELEASING = YES;
				CLANG_WARN_BOOL_CONVERSION = YES;
				CLANG_WARN_COMMA = YES;
				CLANG_WARN_CONSTANT_CONVERSION = YES;
				CLANG_WARN_DEPRECATED_OBJC_IMPLEMENTATIONS = YES;
				CLANG_WARN_DIRECT_OBJC_ISA_USAGE = YES_ERROR;
				CLANG_WARN_DOCUMENTATION_COMMENTS = YES;
				CLANG_WARN_EMPTY_BODY = YES;
				CLANG_WARN_ENUM_CONVERSION = YES;
				CLANG_WARN_INFINITE_RECURSION = YES;
				CLANG_WARN_INT_CONVERSION = YES;
				CLANG_WARN_NON_LITERAL_NULL_CONVERSION = YES;
				CLANG_WARN_OBJC_IMPLICIT_RETAIN_SELF = YES;
				CLANG_WARN_OBJC_LITERAL_CONVERSION = YES;
				CLANG_WARN_OBJC_ROOT_CLASS = YES_ERROR;
				CLANG_WARN_RANGE_LOOP_ANALYSIS = YES;
				CLANG_WARN_STRICT_PROTOTYPES = YES;
				CLANG_WARN_SUSPICIOUS_MOVE = YES;
				CLANG_WARN_UNGUARDED_AVAILABILITY = YES_AGGRESSIVE;
				CLANG_WARN_UNREACHABLE_CODE = YES;
				CLANG_WARN__DUPLICATE_METHOD_MATCH = YES;
				COPY_PHASE_STRIP = NO;
				DEBUG_INFORMATION_FORMAT = dwarf;
				ENABLE_STRICT_OBJC_MSGSEND = YES;
				ENABLE_TESTABILITY = YES;
				GCC_C_LANGUAGE_STANDARD = gnu11;
				GCC_DYNAMIC_NO_PIC = NO;
				GCC_NO_COMMON_BLOCKS = YES;
				GCC_OPTIMIZATION_LEVEL = 0;
				GCC_PREPROCESSOR_DEFINITIONS = (
					"DEBUG=1",
					"$(inherited)",
				);
				GCC_WARN_64_TO_32_BIT_CONVERSION = YES;
				GCC_WARN_ABOUT_RETURN_TYPE = YES_ERROR;
				GCC_WARN_UNDECLARED_SELECTOR = YES;
				GCC_WARN_UNINITIALIZED_AUTOS = YES_AGGRESSIVE;
				GCC_WARN_UNUSED_FUNCTION = YES;
				GCC_WARN_UNUSED_VARIABLE = YES;
				IPHONEOS_DEPLOYMENT_TARGET = 13.2;
				MTL_ENABLE_DEBUG_INFO = INCLUDE_SOURCE;
				MTL_FAST_MATH = YES;
				ONLY_ACTIVE_ARCH = YES;
				SDKROOT = iphoneos;
				SWIFT_ACTIVE_COMPILATION_CONDITIONS = DEBUG;
				SWIFT_OPTIMIZATION_LEVEL = "-Onone";
			};
			name = Debug;
		};
		0EA1FDC723CE09E500A45A04 /* Release */ = {
			isa = XCBuildConfiguration;
			buildSettings = {
				ALWAYS_SEARCH_USER_PATHS = NO;
				CLANG_ANALYZER_NONNULL = YES;
				CLANG_ANALYZER_NUMBER_OBJECT_CONVERSION = YES_AGGRESSIVE;
				CLANG_CXX_LANGUAGE_STANDARD = "gnu++14";
				CLANG_CXX_LIBRARY = "libc++";
				CLANG_ENABLE_MODULES = YES;
				CLANG_ENABLE_OBJC_ARC = YES;
				CLANG_ENABLE_OBJC_WEAK = YES;
				CLANG_WARN_BLOCK_CAPTURE_AUTORELEASING = YES;
				CLANG_WARN_BOOL_CONVERSION = YES;
				CLANG_WARN_COMMA = YES;
				CLANG_WARN_CONSTANT_CONVERSION = YES;
				CLANG_WARN_DEPRECATED_OBJC_IMPLEMENTATIONS = YES;
				CLANG_WARN_DIRECT_OBJC_ISA_USAGE = YES_ERROR;
				CLANG_WARN_DOCUMENTATION_COMMENTS = YES;
				CLANG_WARN_EMPTY_BODY = YES;
				CLANG_WARN_ENUM_CONVERSION = YES;
				CLANG_WARN_INFINITE_RECURSION = YES;
				CLANG_WARN_INT_CONVERSION = YES;
				CLANG_WARN_NON_LITERAL_NULL_CONVERSION = YES;
				CLANG_WARN_OBJC_IMPLICIT_RETAIN_SELF = YES;
				CLANG_WARN_OBJC_LITERAL_CONVERSION = YES;
				CLANG_WARN_OBJC_ROOT_CLASS = YES_ERROR;
				CLANG_WARN_RANGE_LOOP_ANALYSIS = YES;
				CLANG_WARN_STRICT_PROTOTYPES = YES;
				CLANG_WARN_SUSPICIOUS_MOVE = YES;
				CLANG_WARN_UNGUARDED_AVAILABILITY = YES_AGGRESSIVE;
				CLANG_WARN_UNREACHABLE_CODE = YES;
				CLANG_WARN__DUPLICATE_METHOD_MATCH = YES;
				COPY_PHASE_STRIP = NO;
				DEBUG_INFORMATION_FORMAT = "dwarf-with-dsym";
				ENABLE_NS_ASSERTIONS = NO;
				ENABLE_STRICT_OBJC_MSGSEND = YES;
				GCC_C_LANGUAGE_STANDARD = gnu11;
				GCC_NO_COMMON_BLOCKS = YES;
				GCC_WARN_64_TO_32_BIT_CONVERSION = YES;
				GCC_WARN_ABOUT_RETURN_TYPE = YES_ERROR;
				GCC_WARN_UNDECLARED_SELECTOR = YES;
				GCC_WARN_UNINITIALIZED_AUTOS = YES_AGGRESSIVE;
				GCC_WARN_UNUSED_FUNCTION = YES;
				GCC_WARN_UNUSED_VARIABLE = YES;
				IPHONEOS_DEPLOYMENT_TARGET = 13.2;
				MTL_ENABLE_DEBUG_INFO = NO;
				MTL_FAST_MATH = YES;
				SDKROOT = iphoneos;
				SWIFT_COMPILATION_MODE = wholemodule;
				SWIFT_OPTIMIZATION_LEVEL = "-O";
				VALIDATE_PRODUCT = YES;
			};
			name = Release;
		};
		0EA1FDC923CE09E500A45A04 /* Debug */ = {
			isa = XCBuildConfiguration;
			buildSettings = {
				ASSETCATALOG_COMPILER_APPICON_NAME = AppIcon;
				CODE_SIGN_STYLE = Automatic;
				DEVELOPMENT_ASSET_PATHS = "\"Aramark/Preview Content\"";
				DEVELOPMENT_TEAM = CRTVSQ99S6;
				ENABLE_PREVIEWS = YES;
				INFOPLIST_FILE = Aramark/Info.plist;
				LD_RUNPATH_SEARCH_PATHS = (
					"$(inherited)",
					"@executable_path/Frameworks",
				);
				PRODUCT_BUNDLE_IDENTIFIER = MealPlan.Aramark;
				PRODUCT_NAME = "$(TARGET_NAME)";
				SWIFT_VERSION = 5.0;
				TARGETED_DEVICE_FAMILY = "1,2";
			};
			name = Debug;
		};
		0EA1FDCA23CE09E500A45A04 /* Release */ = {
			isa = XCBuildConfiguration;
			buildSettings = {
				ASSETCATALOG_COMPILER_APPICON_NAME = AppIcon;
				CODE_SIGN_STYLE = Automatic;
				DEVELOPMENT_ASSET_PATHS = "\"Aramark/Preview Content\"";
				DEVELOPMENT_TEAM = CRTVSQ99S6;
				ENABLE_PREVIEWS = YES;
				INFOPLIST_FILE = Aramark/Info.plist;
				LD_RUNPATH_SEARCH_PATHS = (
					"$(inherited)",
					"@executable_path/Frameworks",
				);
				PRODUCT_BUNDLE_IDENTIFIER = MealPlan.Aramark;
				PRODUCT_NAME = "$(TARGET_NAME)";
				SWIFT_VERSION = 5.0;
				TARGETED_DEVICE_FAMILY = "1,2";
			};
			name = Release;
		};
		0EA1FDCC23CE09E500A45A04 /* Debug */ = {
			isa = XCBuildConfiguration;
			buildSettings = {
				ALWAYS_EMBED_SWIFT_STANDARD_LIBRARIES = YES;
				BUNDLE_LOADER = "$(TEST_HOST)";
				CODE_SIGN_STYLE = Automatic;
				DEVELOPMENT_TEAM = CRTVSQ99S6;
				INFOPLIST_FILE = AramarkTests/Info.plist;
				IPHONEOS_DEPLOYMENT_TARGET = 13.2;
				LD_RUNPATH_SEARCH_PATHS = (
					"$(inherited)",
					"@executable_path/Frameworks",
					"@loader_path/Frameworks",
				);
				PRODUCT_BUNDLE_IDENTIFIER = MealPlan.AramarkTests;
				PRODUCT_NAME = "$(TARGET_NAME)";
				SWIFT_VERSION = 5.0;
				TARGETED_DEVICE_FAMILY = "1,2";
				TEST_HOST = "$(BUILT_PRODUCTS_DIR)/Aramark.app/Aramark";
			};
			name = Debug;
		};
		0EA1FDCD23CE09E500A45A04 /* Release */ = {
			isa = XCBuildConfiguration;
			buildSettings = {
				ALWAYS_EMBED_SWIFT_STANDARD_LIBRARIES = YES;
				BUNDLE_LOADER = "$(TEST_HOST)";
				CODE_SIGN_STYLE = Automatic;
				DEVELOPMENT_TEAM = CRTVSQ99S6;
				INFOPLIST_FILE = AramarkTests/Info.plist;
				IPHONEOS_DEPLOYMENT_TARGET = 13.2;
				LD_RUNPATH_SEARCH_PATHS = (
					"$(inherited)",
					"@executable_path/Frameworks",
					"@loader_path/Frameworks",
				);
				PRODUCT_BUNDLE_IDENTIFIER = MealPlan.AramarkTests;
				PRODUCT_NAME = "$(TARGET_NAME)";
				SWIFT_VERSION = 5.0;
				TARGETED_DEVICE_FAMILY = "1,2";
				TEST_HOST = "$(BUILT_PRODUCTS_DIR)/Aramark.app/Aramark";
			};
			name = Release;
		};
		0EA1FDCF23CE09E500A45A04 /* Debug */ = {
			isa = XCBuildConfiguration;
			buildSettings = {
				ALWAYS_EMBED_SWIFT_STANDARD_LIBRARIES = YES;
				CODE_SIGN_STYLE = Automatic;
				DEVELOPMENT_TEAM = CRTVSQ99S6;
				INFOPLIST_FILE = AramarkUITests/Info.plist;
				LD_RUNPATH_SEARCH_PATHS = (
					"$(inherited)",
					"@executable_path/Frameworks",
					"@loader_path/Frameworks",
				);
				PRODUCT_BUNDLE_IDENTIFIER = MealPlan.AramarkUITests;
				PRODUCT_NAME = "$(TARGET_NAME)";
				SWIFT_VERSION = 5.0;
				TARGETED_DEVICE_FAMILY = "1,2";
				TEST_TARGET_NAME = Aramark;
			};
			name = Debug;
		};
		0EA1FDD023CE09E500A45A04 /* Release */ = {
			isa = XCBuildConfiguration;
			buildSettings = {
				ALWAYS_EMBED_SWIFT_STANDARD_LIBRARIES = YES;
				CODE_SIGN_STYLE = Automatic;
				DEVELOPMENT_TEAM = CRTVSQ99S6;
				INFOPLIST_FILE = AramarkUITests/Info.plist;
				LD_RUNPATH_SEARCH_PATHS = (
					"$(inherited)",
					"@executable_path/Frameworks",
					"@loader_path/Frameworks",
				);
				PRODUCT_BUNDLE_IDENTIFIER = MealPlan.AramarkUITests;
				PRODUCT_NAME = "$(TARGET_NAME)";
				SWIFT_VERSION = 5.0;
				TARGETED_DEVICE_FAMILY = "1,2";
				TEST_TARGET_NAME = Aramark;
			};
			name = Release;
		};
/* End XCBuildConfiguration section */

/* Begin XCConfigurationList section */
		0EA1FD9923CE09E300A45A04 /* Build configuration list for PBXProject "Aramark" */ = {
			isa = XCConfigurationList;
			buildConfigurations = (
				0EA1FDC623CE09E500A45A04 /* Debug */,
				0EA1FDC723CE09E500A45A04 /* Release */,
			);
			defaultConfigurationIsVisible = 0;
			defaultConfigurationName = Release;
		};
		0EA1FDC823CE09E500A45A04 /* Build configuration list for PBXNativeTarget "Aramark" */ = {
			isa = XCConfigurationList;
			buildConfigurations = (
				0EA1FDC923CE09E500A45A04 /* Debug */,
				0EA1FDCA23CE09E500A45A04 /* Release */,
			);
			defaultConfigurationIsVisible = 0;
			defaultConfigurationName = Release;
		};
		0EA1FDCB23CE09E500A45A04 /* Build configuration list for PBXNativeTarget "AramarkTests" */ = {
			isa = XCConfigurationList;
			buildConfigurations = (
				0EA1FDCC23CE09E500A45A04 /* Debug */,
				0EA1FDCD23CE09E500A45A04 /* Release */,
			);
			defaultConfigurationIsVisible = 0;
			defaultConfigurationName = Release;
		};
		0EA1FDCE23CE09E500A45A04 /* Build configuration list for PBXNativeTarget "AramarkUITests" */ = {
			isa = XCConfigurationList;
			buildConfigurations = (
				0EA1FDCF23CE09E500A45A04 /* Debug */,
				0EA1FDD023CE09E500A45A04 /* Release */,
			);
			defaultConfigurationIsVisible = 0;
			defaultConfigurationName = Release;
		};
/* End XCConfigurationList section */
	};
	rootObject = 0EA1FD9623CE09E300A45A04 /* Project object */;
}
